// !$*UTF8*$!
{
	archiveVersion = 1;
	classes = {
	};
	objectVersion = 48;
	objects = {

/* Begin PBXBuildFile section */
		9E643A151F94408C008B71A8 /* TVCell.swift in Sources */ = {isa = PBXBuildFile; fileRef = 9E643A141F94408C008B71A8 /* TVCell.swift */; };
		9E643A171F944E8E008B71A8 /* DetailsVC.swift in Sources */ = {isa = PBXBuildFile; fileRef = 9E643A161F944E8E008B71A8 /* DetailsVC.swift */; };
		9E643A1C1F94623E008B71A8 /* TrailerVC.swift in Sources */ = {isa = PBXBuildFile; fileRef = 9E643A1A1F94623E008B71A8 /* TrailerVC.swift */; };
		9E643A1D1F94623E008B71A8 /* TrailerVC.xib in Resources */ = {isa = PBXBuildFile; fileRef = 9E643A1B1F94623E008B71A8 /* TrailerVC.xib */; };
		9E6EB5D71F92DD780088BC1A /* AppDelegate.swift in Sources */ = {isa = PBXBuildFile; fileRef = 9E6EB5D61F92DD780088BC1A /* AppDelegate.swift */; };
		9E6EB5D91F92DD790088BC1A /* LoginVC.swift in Sources */ = {isa = PBXBuildFile; fileRef = 9E6EB5D81F92DD790088BC1A /* LoginVC.swift */; };
		9E6EB5DC1F92DD790088BC1A /* Main.storyboard in Resources */ = {isa = PBXBuildFile; fileRef = 9E6EB5DA1F92DD790088BC1A /* Main.storyboard */; };
		9E6EB5DE1F92DD790088BC1A /* Assets.xcassets in Resources */ = {isa = PBXBuildFile; fileRef = 9E6EB5DD1F92DD790088BC1A /* Assets.xcassets */; };
		9E6EB5E11F92DD790088BC1A /* LaunchScreen.storyboard in Resources */ = {isa = PBXBuildFile; fileRef = 9E6EB5DF1F92DD790088BC1A /* LaunchScreen.storyboard */; };
		9E6EB5E91F92E1690088BC1A /* GoogleService-Info.plist in Resources */ = {isa = PBXBuildFile; fileRef = 9E6EB5E81F92DF940088BC1A /* GoogleService-Info.plist */; };
		9E6EB5ED1F92E5E80088BC1A /* CurvedButton.swift in Sources */ = {isa = PBXBuildFile; fileRef = 9E6EB5EC1F92E5E80088BC1A /* CurvedButton.swift */; };
		9E6EB5F01F92E7380088BC1A /* TVInfo.swift in Sources */ = {isa = PBXBuildFile; fileRef = 9E6EB5EF1F92E7380088BC1A /* TVInfo.swift */; };
		9E6EB5F31F92E76A0088BC1A /* Constants.swift in Sources */ = {isa = PBXBuildFile; fileRef = 9E6EB5F21F92E76A0088BC1A /* Constants.swift */; };
		9E6EB5F51F92EBF40088BC1A /* SignupVC.swift in Sources */ = {isa = PBXBuildFile; fileRef = 9E6EB5F41F92EBF40088BC1A /* SignupVC.swift */; };
		9E6EB5F71F92F8E70088BC1A /* HomeVC.swift in Sources */ = {isa = PBXBuildFile; fileRef = 9E6EB5F61F92F8E70088BC1A /* HomeVC.swift */; };
		9E6EB5FA1F92FC9F0088BC1A /* DataService.swift in Sources */ = {isa = PBXBuildFile; fileRef = 9E6EB5F91F92FC9F0088BC1A /* DataService.swift */; };
		9E6EB5FF1F9312AD0088BC1A /* ImageViewExt.swift in Sources */ = {isa = PBXBuildFile; fileRef = 9E6EB5FE1F9312AD0088BC1A /* ImageViewExt.swift */; };
		9E6EB6021F9418A10088BC1A /* AuthService.swift in Sources */ = {isa = PBXBuildFile; fileRef = 9E6EB6011F9418A10088BC1A /* AuthService.swift */; };
		9E6EB6041F941B5E0088BC1A /* Alerts.swift in Sources */ = {isa = PBXBuildFile; fileRef = 9E6EB6031F941B5E0088BC1A /* Alerts.swift */; };
		9E6EB6061F942E040088BC1A /* CategoryVC.swift in Sources */ = {isa = PBXBuildFile; fileRef = 9E6EB6051F942E040088BC1A /* CategoryVC.swift */; };
		DE5259B9CE19423935DE36FB /* Pods_NetflixInterface.framework in Frameworks */ = {isa = PBXBuildFile; fileRef = 9E195769B9C55AF2B8E7526C /* Pods_NetflixInterface.framework */; };
/* End PBXBuildFile section */

/* Begin PBXFileReference section */
		52FFFEA3EBDDEAB94831F50B /* Pods-NetflixInterface.debug.xcconfig */ = {isa = PBXFileReference; includeInIndex = 1; lastKnownFileType = text.xcconfig; name = "Pods-NetflixInterface.debug.xcconfig"; path = "Pods/Target Support Files/Pods-NetflixInterface/Pods-NetflixInterface.debug.xcconfig"; sourceTree = "<group>"; };
		9E195769B9C55AF2B8E7526C /* Pods_NetflixInterface.framework */ = {isa = PBXFileReference; explicitFileType = wrapper.framework; includeInIndex = 0; path = Pods_NetflixInterface.framework; sourceTree = BUILT_PRODUCTS_DIR; };
		9E643A141F94408C008B71A8 /* TVCell.swift */ = {isa = PBXFileReference; lastKnownFileType = sourcecode.swift; path = TVCell.swift; sourceTree = "<group>"; };
		9E643A161F944E8E008B71A8 /* DetailsVC.swift */ = {isa = PBXFileReference; lastKnownFileType = sourcecode.swift; path = DetailsVC.swift; sourceTree = "<group>"; };
		9E643A1A1F94623E008B71A8 /* TrailerVC.swift */ = {isa = PBXFileReference; lastKnownFileType = sourcecode.swift; path = TrailerVC.swift; sourceTree = "<group>"; };
		9E643A1B1F94623E008B71A8 /* TrailerVC.xib */ = {isa = PBXFileReference; lastKnownFileType = file.xib; path = TrailerVC.xib; sourceTree = "<group>"; };
		9E6EB5D31F92DD780088BC1A /* NetflixInterface.app */ = {isa = PBXFileReference; explicitFileType = wrapper.application; includeInIndex = 0; path = NetflixInterface.app; sourceTree = BUILT_PRODUCTS_DIR; };
		9E6EB5D61F92DD780088BC1A /* AppDelegate.swift */ = {isa = PBXFileReference; lastKnownFileType = sourcecode.swift; path = AppDelegate.swift; sourceTree = "<group>"; };
		9E6EB5D81F92DD790088BC1A /* LoginVC.swift */ = {isa = PBXFileReference; lastKnownFileType = sourcecode.swift; path = LoginVC.swift; sourceTree = "<group>"; };
		9E6EB5DB1F92DD790088BC1A /* Base */ = {isa = PBXFileReference; lastKnownFileType = file.storyboard; name = Base; path = Base.lproj/Main.storyboard; sourceTree = "<group>"; };
		9E6EB5DD1F92DD790088BC1A /* Assets.xcassets */ = {isa = PBXFileReference; lastKnownFileType = folder.assetcatalog; path = Assets.xcassets; sourceTree = "<group>"; };
		9E6EB5E01F92DD790088BC1A /* Base */ = {isa = PBXFileReference; lastKnownFileType = file.storyboard; name = Base; path = Base.lproj/LaunchScreen.storyboard; sourceTree = "<group>"; };
		9E6EB5E21F92DD790088BC1A /* Info.plist */ = {isa = PBXFileReference; lastKnownFileType = text.plist.xml; path = Info.plist; sourceTree = "<group>"; };
		9E6EB5E81F92DF940088BC1A /* GoogleService-Info.plist */ = {isa = PBXFileReference; lastKnownFileType = text.plist.xml; path = "GoogleService-Info.plist"; sourceTree = "<group>"; };
		9E6EB5EC1F92E5E80088BC1A /* CurvedButton.swift */ = {isa = PBXFileReference; lastKnownFileType = sourcecode.swift; path = CurvedButton.swift; sourceTree = "<group>"; };
		9E6EB5EF1F92E7380088BC1A /* TVInfo.swift */ = {isa = PBXFileReference; lastKnownFileType = sourcecode.swift; path = TVInfo.swift; sourceTree = "<group>"; };
		9E6EB5F21F92E76A0088BC1A /* Constants.swift */ = {isa = PBXFileReference; lastKnownFileType = sourcecode.swift; path = Constants.swift; sourceTree = "<group>"; };
		9E6EB5F41F92EBF40088BC1A /* SignupVC.swift */ = {isa = PBXFileReference; lastKnownFileType = sourcecode.swift; path = SignupVC.swift; sourceTree = "<group>"; };
		9E6EB5F61F92F8E70088BC1A /* HomeVC.swift */ = {isa = PBXFileReference; lastKnownFileType = sourcecode.swift; path = HomeVC.swift; sourceTree = "<group>"; };
		9E6EB5F91F92FC9F0088BC1A /* DataService.swift */ = {isa = PBXFileReference; lastKnownFileType = sourcecode.swift; path = DataService.swift; sourceTree = "<group>"; };
		9E6EB5FE1F9312AD0088BC1A /* ImageViewExt.swift */ = {isa = PBXFileReference; lastKnownFileType = sourcecode.swift; path = ImageViewExt.swift; sourceTree = "<group>"; };
		9E6EB6011F9418A10088BC1A /* AuthService.swift */ = {isa = PBXFileReference; lastKnownFileType = sourcecode.swift; path = AuthService.swift; sourceTree = "<group>"; };
		9E6EB6031F941B5E0088BC1A /* Alerts.swift */ = {isa = PBXFileReference; lastKnownFileType = sourcecode.swift; path = Alerts.swift; sourceTree = "<group>"; };
		9E6EB6051F942E040088BC1A /* CategoryVC.swift */ = {isa = PBXFileReference; lastKnownFileType = sourcecode.swift; path = CategoryVC.swift; sourceTree = "<group>"; };
		FE2723D541051E2201E4385E /* Pods-NetflixInterface.release.xcconfig */ = {isa = PBXFileReference; includeInIndex = 1; lastKnownFileType = text.xcconfig; name = "Pods-NetflixInterface.release.xcconfig"; path = "Pods/Target Support Files/Pods-NetflixInterface/Pods-NetflixInterface.release.xcconfig"; sourceTree = "<group>"; };
/* End PBXFileReference section */

/* Begin PBXFrameworksBuildPhase section */
		9E6EB5D01F92DD780088BC1A /* Frameworks */ = {
			isa = PBXFrameworksBuildPhase;
			buildActionMask = 2147483647;
			files = (
				DE5259B9CE19423935DE36FB /* Pods_NetflixInterface.framework in Frameworks */,
			);
			runOnlyForDeploymentPostprocessing = 0;
		};
/* End PBXFrameworksBuildPhase section */

/* Begin PBXGroup section */
		9E643A1E1F946244008B71A8 /* XIBs */ = {
			isa = PBXGroup;
			children = (
				9E643A1B1F94623E008B71A8 /* TrailerVC.xib */,
			);
			path = XIBs;
			sourceTree = "<group>";
		};
		9E6EB5CA1F92DD780088BC1A = {
			isa = PBXGroup;
			children = (
				9E6EB5D51F92DD780088BC1A /* NetflixInterface */,
				9E6EB5D41F92DD780088BC1A /* Products */,
				D27C6AD1BEB8D69A18E42A44 /* Pods */,
				DB9B2AEED541A9A499A9C155 /* Frameworks */,
			);
			sourceTree = "<group>";
		};
		9E6EB5D41F92DD780088BC1A /* Products */ = {
			isa = PBXGroup;
			children = (
				9E6EB5D31F92DD780088BC1A /* NetflixInterface.app */,
			);
			name = Products;
			sourceTree = "<group>";
		};
		9E6EB5D51F92DD780088BC1A /* NetflixInterface */ = {
			isa = PBXGroup;
			children = (
				9E643A1E1F946244008B71A8 /* XIBs */,
				9E6EB6001F93C9F70088BC1A /* Error Alerts */,
				9E6EB5FD1F93129E0088BC1A /* Extensions */,
				9E6EB5F81F92FC830088BC1A /* Services */,
				9E6EB5F11F92E7540088BC1A /* Utilities */,
				9E6EB5EE1F92E7140088BC1A /* Model */,
				9E6EB5EB1F92E5DA0088BC1A /* View */,
				9E6EB5EA1F92E5CD0088BC1A /* Controller */,
				9E6EB5D61F92DD780088BC1A /* AppDelegate.swift */,
				9E6EB5DA1F92DD790088BC1A /* Main.storyboard */,
				9E6EB5DD1F92DD790088BC1A /* Assets.xcassets */,
				9E6EB5DF1F92DD790088BC1A /* LaunchScreen.storyboard */,
				9E6EB5E21F92DD790088BC1A /* Info.plist */,
				9E6EB5E81F92DF940088BC1A /* GoogleService-Info.plist */,
			);
			path = NetflixInterface;
			sourceTree = "<group>";
		};
		9E6EB5EA1F92E5CD0088BC1A /* Controller */ = {
			isa = PBXGroup;
			children = (
				9E6EB5D81F92DD790088BC1A /* LoginVC.swift */,
				9E6EB5F41F92EBF40088BC1A /* SignupVC.swift */,
				9E6EB5F61F92F8E70088BC1A /* HomeVC.swift */,
				9E6EB6051F942E040088BC1A /* CategoryVC.swift */,
				9E643A161F944E8E008B71A8 /* DetailsVC.swift */,
				9E643A1A1F94623E008B71A8 /* TrailerVC.swift */,
			);
			path = Controller;
			sourceTree = "<group>";
		};
		9E6EB5EB1F92E5DA0088BC1A /* View */ = {
			isa = PBXGroup;
			children = (
				9E6EB5EC1F92E5E80088BC1A /* CurvedButton.swift */,
				9E643A141F94408C008B71A8 /* TVCell.swift */,
			);
			path = View;
			sourceTree = "<group>";
		};
		9E6EB5EE1F92E7140088BC1A /* Model */ = {
			isa = PBXGroup;
			children = (
				9E6EB5EF1F92E7380088BC1A /* TVInfo.swift */,
			);
			path = Model;
			sourceTree = "<group>";
		};
		9E6EB5F11F92E7540088BC1A /* Utilities */ = {
			isa = PBXGroup;
			children = (
				9E6EB5F21F92E76A0088BC1A /* Constants.swift */,
			);
			path = Utilities;
			sourceTree = "<group>";
		};
		9E6EB5F81F92FC830088BC1A /* Services */ = {
			isa = PBXGroup;
			children = (
				9E6EB5F91F92FC9F0088BC1A /* DataService.swift */,
				9E6EB6011F9418A10088BC1A /* AuthService.swift */,
			);
			path = Services;
			sourceTree = "<group>";
		};
		9E6EB5FD1F93129E0088BC1A /* Extensions */ = {
			isa = PBXGroup;
			children = (
				9E6EB5FE1F9312AD0088BC1A /* ImageViewExt.swift */,
			);
			path = Extensions;
			sourceTree = "<group>";
		};
		9E6EB6001F93C9F70088BC1A /* Error Alerts */ = {
			isa = PBXGroup;
			children = (
				9E6EB6031F941B5E0088BC1A /* Alerts.swift */,
			);
			path = "Error Alerts";
			sourceTree = "<group>";
		};
		D27C6AD1BEB8D69A18E42A44 /* Pods */ = {
			isa = PBXGroup;
			children = (
				52FFFEA3EBDDEAB94831F50B /* Pods-NetflixInterface.debug.xcconfig */,
				FE2723D541051E2201E4385E /* Pods-NetflixInterface.release.xcconfig */,
			);
			name = Pods;
			sourceTree = "<group>";
		};
		DB9B2AEED541A9A499A9C155 /* Frameworks */ = {
			isa = PBXGroup;
			children = (
				9E195769B9C55AF2B8E7526C /* Pods_NetflixInterface.framework */,
			);
			name = Frameworks;
			sourceTree = "<group>";
		};
/* End PBXGroup section */

/* Begin PBXNativeTarget section */
		9E6EB5D21F92DD780088BC1A /* NetflixInterface */ = {
			isa = PBXNativeTarget;
			buildConfigurationList = 9E6EB5E51F92DD790088BC1A /* Build configuration list for PBXNativeTarget "NetflixInterface" */;
			buildPhases = (
				819AD5A647976BEFC3310262 /* [CP] Check Pods Manifest.lock */,
				9E6EB5CF1F92DD780088BC1A /* Sources */,
				9E6EB5D01F92DD780088BC1A /* Frameworks */,
				9E6EB5D11F92DD780088BC1A /* Resources */,
				6C9471A57BE1E7112F004F57 /* [CP] Embed Pods Frameworks */,
				E32F182A4AC6207FE6CBCAB8 /* [CP] Copy Pods Resources */,
			);
			buildRules = (
			);
			dependencies = (
			);
			name = NetflixInterface;
			productName = NetflixInterface;
			productReference = 9E6EB5D31F92DD780088BC1A /* NetflixInterface.app */;
			productType = "com.apple.product-type.application";
		};
/* End PBXNativeTarget section */

/* Begin PBXProject section */
		9E6EB5CB1F92DD780088BC1A /* Project object */ = {
			isa = PBXProject;
			attributes = {
				LastSwiftUpdateCheck = 0900;
				LastUpgradeCheck = 0900;
				ORGANIZATIONNAME = kvkr;
				TargetAttributes = {
					9E6EB5D21F92DD780088BC1A = {
						CreatedOnToolsVersion = 9.0;
						ProvisioningStyle = Automatic;
					};
				};
			};
			buildConfigurationList = 9E6EB5CE1F92DD780088BC1A /* Build configuration list for PBXProject "NetflixInterface" */;
			compatibilityVersion = "Xcode 8.0";
			developmentRegion = en;
			hasScannedForEncodings = 0;
			knownRegions = (
				en,
				Base,
			);
			mainGroup = 9E6EB5CA1F92DD780088BC1A;
			productRefGroup = 9E6EB5D41F92DD780088BC1A /* Products */;
			projectDirPath = "";
			projectRoot = "";
			targets = (
				9E6EB5D21F92DD780088BC1A /* NetflixInterface */,
			);
		};
/* End PBXProject section */

/* Begin PBXResourcesBuildPhase section */
		9E6EB5D11F92DD780088BC1A /* Resources */ = {
			isa = PBXResourcesBuildPhase;
			buildActionMask = 2147483647;
			files = (
				9E6EB5E11F92DD790088BC1A /* LaunchScreen.storyboard in Resources */,
				9E6EB5E91F92E1690088BC1A /* GoogleService-Info.plist in Resources */,
				9E6EB5DE1F92DD790088BC1A /* Assets.xcassets in Resources */,
				9E6EB5DC1F92DD790088BC1A /* Main.storyboard in Resources */,
				9E643A1D1F94623E008B71A8 /* TrailerVC.xib in Resources */,
			);
			runOnlyForDeploymentPostprocessing = 0;
		};
/* End PBXResourcesBuildPhase section */

/* Begin PBXShellScriptBuildPhase section */
		6C9471A57BE1E7112F004F57 /* [CP] Embed Pods Frameworks */ = {
			isa = PBXShellScriptBuildPhase;
			buildActionMask = 2147483647;
			files = (
			);
			inputPaths = (
				"${SRCROOT}/Pods/Target Support Files/Pods-NetflixInterface/Pods-NetflixInterface-frameworks.sh",
				"${BUILT_PRODUCTS_DIR}/Alamofire/Alamofire.framework",
				"${BUILT_PRODUCTS_DIR}/GTMSessionFetcher/GTMSessionFetcher.framework",
				"${BUILT_PRODUCTS_DIR}/GoogleToolboxForMac/GoogleToolboxForMac.framework",
				"${BUILT_PRODUCTS_DIR}/SwiftyJSON/SwiftyJSON.framework",
				"${BUILT_PRODUCTS_DIR}/nanopb/nanopb.framework",
			);
			name = "[CP] Embed Pods Frameworks";
			outputPaths = (
				"${TARGET_BUILD_DIR}/${FRAMEWORKS_FOLDER_PATH}/Alamofire.framework",
				"${TARGET_BUILD_DIR}/${FRAMEWORKS_FOLDER_PATH}/GTMSessionFetcher.framework",
				"${TARGET_BUILD_DIR}/${FRAMEWORKS_FOLDER_PATH}/GoogleToolboxForMac.framework",
				"${TARGET_BUILD_DIR}/${FRAMEWORKS_FOLDER_PATH}/SwiftyJSON.framework",
				"${TARGET_BUILD_DIR}/${FRAMEWORKS_FOLDER_PATH}/nanopb.framework",
			);
			runOnlyForDeploymentPostprocessing = 0;
			shellPath = /bin/sh;
			shellScript = "\"${SRCROOT}/Pods/Target Support Files/Pods-NetflixInterface/Pods-NetflixInterface-frameworks.sh\"\n";
			showEnvVarsInLog = 0;
		};
		819AD5A647976BEFC3310262 /* [CP] Check Pods Manifest.lock */ = {
			isa = PBXShellScriptBuildPhase;
			buildActionMask = 2147483647;
			files = (
			);
			inputPaths = (
				"${PODS_PODFILE_DIR_PATH}/Podfile.lock",
				"${PODS_ROOT}/Manifest.lock",
			);
			name = "[CP] Check Pods Manifest.lock";
			outputPaths = (
				"$(DERIVED_FILE_DIR)/Pods-NetflixInterface-checkManifestLockResult.txt",
			);
			runOnlyForDeploymentPostprocessing = 0;
			shellPath = /bin/sh;
			shellScript = "diff \"${PODS_PODFILE_DIR_PATH}/Podfile.lock\" \"${PODS_ROOT}/Manifest.lock\" > /dev/null\nif [ $? != 0 ] ; then\n    # print error to STDERR\n    echo \"error: The sandbox is not in sync with the Podfile.lock. Run 'pod install' or update your CocoaPods installation.\" >&2\n    exit 1\nfi\n# This output is used by Xcode 'outputs' to avoid re-running this script phase.\necho \"SUCCESS\" > \"${SCRIPT_OUTPUT_FILE_0}\"\n";
			showEnvVarsInLog = 0;
		};
		E32F182A4AC6207FE6CBCAB8 /* [CP] Copy Pods Resources */ = {
			isa = PBXShellScriptBuildPhase;
			buildActionMask = 2147483647;
			files = (
			);
			inputPaths = (
			);
			name = "[CP] Copy Pods Resources";
			outputPaths = (
			);
			runOnlyForDeploymentPostprocessing = 0;
			shellPath = /bin/sh;
			shellScript = "\"${SRCROOT}/Pods/Target Support Files/Pods-NetflixInterface/Pods-NetflixInterface-resources.sh\"\n";
			showEnvVarsInLog = 0;
		};
/* End PBXShellScriptBuildPhase section */

/* Begin PBXSourcesBuildPhase section */
		9E6EB5CF1F92DD780088BC1A /* Sources */ = {
			isa = PBXSourcesBuildPhase;
			buildActionMask = 2147483647;
			files = (
				9E643A1C1F94623E008B71A8 /* TrailerVC.swift in Sources */,
				9E643A151F94408C008B71A8 /* TVCell.swift in Sources */,
				9E6EB5F51F92EBF40088BC1A /* SignupVC.swift in Sources */,
				9E6EB5F71F92F8E70088BC1A /* HomeVC.swift in Sources */,
				9E6EB5F31F92E76A0088BC1A /* Constants.swift in Sources */,
				9E6EB5D91F92DD790088BC1A /* LoginVC.swift in Sources */,
				9E6EB5ED1F92E5E80088BC1A /* CurvedButton.swift in Sources */,
				9E6EB5F01F92E7380088BC1A /* TVInfo.swift in Sources */,
				9E6EB6061F942E040088BC1A /* CategoryVC.swift in Sources */,
				9E6EB5D71F92DD780088BC1A /* AppDelegate.swift in Sources */,
				9E6EB6021F9418A10088BC1A /* AuthService.swift in Sources */,
				9E6EB5FF1F9312AD0088BC1A /* ImageViewExt.swift in Sources */,
				9E643A171F944E8E008B71A8 /* DetailsVC.swift in Sources */,
				9E6EB6041F941B5E0088BC1A /* Alerts.swift in Sources */,
				9E6EB5FA1F92FC9F0088BC1A /* DataService.swift in Sources */,
			);
			runOnlyForDeploymentPostprocessing = 0;
		};
/* End PBXSourcesBuildPhase section */

/* Begin PBXVariantGroup section */
		9E6EB5DA1F92DD790088BC1A /* Main.storyboard */ = {
			isa = PBXVariantGroup;
			children = (
				9E6EB5DB1F92DD790088BC1A /* Base */,
			);
			name = Main.storyboard;
			sourceTree = "<group>";
		};
		9E6EB5DF1F92DD790088BC1A /* LaunchScreen.storyboard */ = {
			isa = PBXVariantGroup;
			children = (
				9E6EB5E01F92DD790088BC1A /* Base */,
			);
			name = LaunchScreen.storyboard;
			sourceTree = "<group>";
		};
/* End PBXVariantGroup section */

/* Begin XCBuildConfiguration section */
		9E6EB5E31F92DD790088BC1A /* Debug */ = {
			isa = XCBuildConfiguration;
			buildSettings = {
				ALWAYS_SEARCH_USER_PATHS = NO;
				CLANG_ANALYZER_NONNULL = YES;
				CLANG_ANALYZER_NUMBER_OBJECT_CONVERSION = YES_AGGRESSIVE;
				CLANG_CXX_LANGUAGE_STANDARD = "gnu++14";
				CLANG_CXX_LIBRARY = "libc++";
				CLANG_ENABLE_MODULES = YES;
				CLANG_ENABLE_OBJC_ARC = YES;
				CLANG_WARN_BLOCK_CAPTURE_AUTORELEASING = YES;
				CLANG_WARN_BOOL_CONVERSION = YES;
				CLANG_WARN_COMMA = YES;
				CLANG_WARN_CONSTANT_CONVERSION = YES;
				CLANG_WARN_DIRECT_OBJC_ISA_USAGE = YES_ERROR;
				CLANG_WARN_DOCUMENTATION_COMMENTS = YES;
				CLANG_WARN_EMPTY_BODY = YES;
				CLANG_WARN_ENUM_CONVERSION = YES;
				CLANG_WARN_INFINITE_RECURSION = YES;
				CLANG_WARN_INT_CONVERSION = YES;
				CLANG_WARN_NON_LITERAL_NULL_CONVERSION = YES;
				CLANG_WARN_OBJC_LITERAL_CONVERSION = YES;
				CLANG_WARN_OBJC_ROOT_CLASS = YES_ERROR;
				CLANG_WARN_RANGE_LOOP_ANALYSIS = YES;
				CLANG_WARN_STRICT_PROTOTYPES = YES;
				CLANG_WARN_SUSPICIOUS_MOVE = YES;
				CLANG_WARN_UNGUARDED_AVAILABILITY = YES_AGGRESSIVE;
				CLANG_WARN_UNREACHABLE_CODE = YES;
				CLANG_WARN__DUPLICATE_METHOD_MATCH = YES;
				CODE_SIGN_IDENTITY = "iPhone Developer";
				COPY_PHASE_STRIP = NO;
				DEBUG_INFORMATION_FORMAT = dwarf;
				ENABLE_STRICT_OBJC_MSGSEND = YES;
				ENABLE_TESTABILITY = YES;
				GCC_C_LANGUAGE_STANDARD = gnu11;
				GCC_DYNAMIC_NO_PIC = NO;
				GCC_NO_COMMON_BLOCKS = YES;
				GCC_OPTIMIZATION_LEVEL = 0;
				GCC_PREPROCESSOR_DEFINITIONS = (
					"DEBUG=1",
					"$(inherited)",
				);
				GCC_WARN_64_TO_32_BIT_CONVERSION = YES;
				GCC_WARN_ABOUT_RETURN_TYPE = YES_ERROR;
				GCC_WARN_UNDECLARED_SELECTOR = YES;
				GCC_WARN_UNINITIALIZED_AUTOS = YES_AGGRESSIVE;
				GCC_WARN_UNUSED_FUNCTION = YES;
				GCC_WARN_UNUSED_VARIABLE = YES;
				IPHONEOS_DEPLOYMENT_TARGET = 11.0;
				MTL_ENABLE_DEBUG_INFO = YES;
				ONLY_ACTIVE_ARCH = YES;
				SDKROOT = iphoneos;
				SWIFT_ACTIVE_COMPILATION_CONDITIONS = DEBUG;
				SWIFT_OPTIMIZATION_LEVEL = "-Onone";
			};
			name = Debug;
		};
		9E6EB5E41F92DD790088BC1A /* Release */ = {
			isa = XCBuildConfiguration;
			buildSettings = {
				ALWAYS_SEARCH_USER_PATHS = NO;
				CLANG_ANALYZER_NONNULL = YES;
				CLANG_ANALYZER_NUMBER_OBJECT_CONVERSION = YES_AGGRESSIVE;
				CLANG_CXX_LANGUAGE_STANDARD = "gnu++14";
				CLANG_CXX_LIBRARY = "libc++";
				CLANG_ENABLE_MODULES = YES;
				CLANG_ENABLE_OBJC_ARC = YES;
				CLANG_WARN_BLOCK_CAPTURE_AUTORELEASING = YES;
				CLANG_WARN_BOOL_CONVERSION = YES;
				CLANG_WARN_COMMA = YES;
				CLANG_WARN_CONSTANT_CONVERSION = YES;
				CLANG_WARN_DIRECT_OBJC_ISA_USAGE = YES_ERROR;
				CLANG_WARN_DOCUMENTATION_COMMENTS = YES;
				CLANG_WARN_EMPTY_BODY = YES;
				CLANG_WARN_ENUM_CONVERSION = YES;
				CLANG_WARN_INFINITE_RECURSION = YES;
				CLANG_WARN_INT_CONVERSION = YES;
				CLANG_WARN_NON_LITERAL_NULL_CONVERSION = YES;
				CLANG_WARN_OBJC_LITERAL_CONVERSION = YES;
				CLANG_WARN_OBJC_ROOT_CLASS = YES_ERROR;
				CLANG_WARN_RANGE_LOOP_ANALYSIS = YES;
				CLANG_WARN_STRICT_PROTOTYPES = YES;
				CLANG_WARN_SUSPICIOUS_MOVE = YES;
				CLANG_WARN_UNGUARDED_AVAILABILITY = YES_AGGRESSIVE;
				CLANG_WARN_UNREACHABLE_CODE = YES;
				CLANG_WARN__DUPLICATE_METHOD_MATCH = YES;
				CODE_SIGN_IDENTITY = "iPhone Developer";
				COPY_PHASE_STRIP = NO;
				DEBUG_INFORMATION_FORMAT = "dwarf-with-dsym";
				ENABLE_NS_ASSERTIONS = NO;
				ENABLE_STRICT_OBJC_MSGSEND = YES;
				GCC_C_LANGUAGE_STANDARD = gnu11;
				GCC_NO_COMMON_BLOCKS = YES;
				GCC_WARN_64_TO_32_BIT_CONVERSION = YES;
				GCC_WARN_ABOUT_RETURN_TYPE = YES_ERROR;
				GCC_WARN_UNDECLARED_SELECTOR = YES;
				GCC_WARN_UNINITIALIZED_AUTOS = YES_AGGRESSIVE;
				GCC_WARN_UNUSED_FUNCTION = YES;
				GCC_WARN_UNUSED_VARIABLE = YES;
				IPHONEOS_DEPLOYMENT_TARGET = 11.0;
				MTL_ENABLE_DEBUG_INFO = NO;
				SDKROOT = iphoneos;
				SWIFT_OPTIMIZATION_LEVEL = "-Owholemodule";
				VALIDATE_PRODUCT = YES;
			};
			name = Release;
		};
		9E6EB5E61F92DD790088BC1A /* Debug */ = {
			isa = XCBuildConfiguration;
			baseConfigurationReference = 52FFFEA3EBDDEAB94831F50B /* Pods-NetflixInterface.debug.xcconfig */;
			buildSettings = {
				ASSETCATALOG_COMPILER_APPICON_NAME = AppIcon;
				CODE_SIGN_STYLE = Automatic;
				DEVELOPMENT_TEAM = ZELVJRAH4Y;
				INFOPLIST_FILE = NetflixInterface/Info.plist;
				LD_RUNPATH_SEARCH_PATHS = "$(inherited) @executable_path/Frameworks";
				PRODUCT_BUNDLE_IDENTIFIER = ownApplicationDevelopment.NetflixInterface;
				PRODUCT_NAME = "$(TARGET_NAME)";
				SWIFT_VERSION = 4.0;
				TARGETED_DEVICE_FAMILY = "1,2";
			};
			name = Debug;
		};
		9E6EB5E71F92DD790088BC1A /* Release */ = {
			isa = XCBuildConfiguration;
			baseConfigurationReference = FE2723D541051E2201E4385E /* Pods-NetflixInterface.release.xcconfig */;
			buildSettings = {
				ASSETCATALOG_COMPILER_APPICON_NAME = AppIcon;
				CODE_SIGN_STYLE = Automatic;
				DEVELOPMENT_TEAM = ZELVJRAH4Y;
				INFOPLIST_FILE = NetflixInterface/Info.plist;
				LD_RUNPATH_SEARCH_PATHS = "$(inherited) @executable_path/Frameworks";
				PRODUCT_BUNDLE_IDENTIFIER = ownApplicationDevelopment.NetflixInterface;
				PRODUCT_NAME = "$(TARGET_NAME)";
				SWIFT_VERSION = 4.0;
				TARGETED_DEVICE_FAMILY = "1,2";
			};
			name = Release;
		};
/* End XCBuildConfiguration section */

/* Begin XCConfigurationList section */
		9E6EB5CE1F92DD780088BC1A /* Build configuration list for PBXProject "NetflixInterface" */ = {
			isa = XCConfigurationList;
			buildConfigurations = (
				9E6EB5E31F92DD790088BC1A /* Debug */,
				9E6EB5E41F92DD790088BC1A /* Release */,
			);
			defaultConfigurationIsVisible = 0;
			defaultConfigurationName = Release;
		};
		9E6EB5E51F92DD790088BC1A /* Build configuration list for PBXNativeTarget "NetflixInterface" */ = {
			isa = XCConfigurationList;
			buildConfigurations = (
				9E6EB5E61F92DD790088BC1A /* Debug */,
				9E6EB5E71F92DD790088BC1A /* Release */,
			);
			defaultConfigurationIsVisible = 0;
			defaultConfigurationName = Release;
		};
/* End XCConfigurationList section */
	};
	rootObject = 9E6EB5CB1F92DD780088BC1A /* Project object */;
}
